
Microsoft Visual Studio Solution File, Format Version 12.00
# Visual Studio Version 16
VisualStudioVersion = 16.0.29613.14
MinimumVisualStudioVersion = 10.0.40219.1
Project("{888888A0-9F3D-457C-B088-3A5042F75D52}") = "one_plus_two", "one_plus_two\one_plus_two.pyproj", "{47CC7EA7-54D2-4FC2-9B83-BC1E4ABCF057}"
EndProject
Global
	GlobalSection(SolutionConfigurationPlatforms) = preSolution
		Debug|Any CPU = Debug|Any CPU
		Release|Any CPU = Release|Any CPU
	EndGlobalSection
	GlobalSection(ProjectConfigurationPlatforms) = postSolution
		{47CC7EA7-54D2-4FC2-9B83-BC1E4ABCF057}.Debug|Any CPU.ActiveCfg = Debug|Any CPU
		{47CC7EA7-54D2-4FC2-9B83-BC1E4ABCF057}.Release|Any CPU.ActiveCfg = Release|Any CPU
	EndGlobalSection
	GlobalSection(SolutionProperties) = preSolution
		HideSolutionNode = FALSE
	EndGlobalSection
	GlobalSection(ExtensibilityGlobals) = postSolution
		SolutionGuid = {31D8120B-4D18-4661-BC34-68A1C57C6AD9}
	EndGlobalSection
EndGlobal
